
Microsoft Visual Studio Solution File, Format Version 12.00
# Visual Studio Version 16
VisualStudioVersion = 16.0.31702.278
MinimumVisualStudioVersion = 10.0.40219.1
Project("{FAE04EC0-301F-11D3-BF4B-00C04F79EFBC}") = "primeirAulaCSharp", "primeirAulaCSharp\primeirAulaCSharp.csproj", "{1DEB22D7-433B-4E28-ADD1-58D36CCF7694}"
EndProject
Global
	GlobalSection(SolutionConfigurationPlatforms) = preSolution
		Debug|Any CPU = Debug|Any CPU
		Release|Any CPU = Release|Any CPU
	EndGlobalSection
	GlobalSection(ProjectConfigurationPlatforms) = postSolution
		{1DEB22D7-433B-4E28-ADD1-58D36CCF7694}.Debug|Any CPU.ActiveCfg = Debug|Any CPU
		{1DEB22D7-433B-4E28-ADD1-58D36CCF7694}.Debug|Any CPU.Build.0 = Debug|Any CPU
		{1DEB22D7-433B-4E28-ADD1-58D36CCF7694}.Release|Any CPU.ActiveCfg = Release|Any CPU
		{1DEB22D7-433B-4E28-ADD1-58D36CCF7694}.Release|Any CPU.Build.0 = Release|Any CPU
	EndGlobalSection
	GlobalSection(SolutionProperties) = preSolution
		HideSolutionNode = FALSE
	EndGlobalSection
	GlobalSection(ExtensibilityGlobals) = postSolution
		SolutionGuid = {447D7E21-0B36-4628-B45F-DFC361CE6C22}
	EndGlobalSection
EndGlobal
